
Microsoft Visual Studio Solution File, Format Version 12.00
# Visual Studio Version 17
VisualStudioVersion = 17.14.36429.23 d17.14
MinimumVisualStudioVersion = 10.0.40219.1
Project("{FAE04EC0-301F-11D3-BF4B-00C04F79EFBC}") = "NotesJwtApi", "NotesJwtApi.csproj", "{44ADB660-13F6-48F0-BB33-30FE666F28CD}"
EndProject
Global
	GlobalSection(SolutionConfigurationPlatforms) = preSolution
		Debug|Any CPU = Debug|Any CPU
		Release|Any CPU = Release|Any CPU
	EndGlobalSection
	GlobalSection(ProjectConfigurationPlatforms) = postSolution
		{44ADB660-13F6-48F0-BB33-30FE666F28CD}.Debug|Any CPU.ActiveCfg = Debug|Any CPU
		{44ADB660-13F6-48F0-BB33-30FE666F28CD}.Debug|Any CPU.Build.0 = Debug|Any CPU
		{44ADB660-13F6-48F0-BB33-30FE666F28CD}.Release|Any CPU.ActiveCfg = Release|Any CPU
		{44ADB660-13F6-48F0-BB33-30FE666F28CD}.Release|Any CPU.Build.0 = Release|Any CPU
	EndGlobalSection
	GlobalSection(SolutionProperties) = preSolution
		HideSolutionNode = FALSE
	EndGlobalSection
	GlobalSection(ExtensibilityGlobals) = postSolution
		SolutionGuid = {A4410208-0971-40B5-AD16-55C036E2F7F0}
	EndGlobalSection
EndGlobal
